// !$*UTF8*$!
{
	archiveVersion = 1;
	classes = {
	};
	objectVersion = 46;
	objects = {

/* Begin PBXBuildFile section */
		CF1BEF5C1D21BC4100BF0064 /* AppDelegate.swift in Sources */ = {isa = PBXBuildFile; fileRef = CF1BEF5B1D21BC4100BF0064 /* AppDelegate.swift */; };
		CF1BEF5E1D21BC4100BF0064 /* LoginViewController.swift in Sources */ = {isa = PBXBuildFile; fileRef = CF1BEF5D1D21BC4100BF0064 /* LoginViewController.swift */; };
		CF1BEF631D21BC4100BF0064 /* Assets.xcassets in Resources */ = {isa = PBXBuildFile; fileRef = CF1BEF621D21BC4100BF0064 /* Assets.xcassets */; };
		CF1BEF661D21BC4100BF0064 /* LaunchScreen.storyboard in Resources */ = {isa = PBXBuildFile; fileRef = CF1BEF641D21BC4100BF0064 /* LaunchScreen.storyboard */; };
		CF2120F91D21C7EF00068D8F /* User.swift in Sources */ = {isa = PBXBuildFile; fileRef = CF2120F81D21C7EF00068D8F /* User.swift */; };
		CF2120FB1D21C83100068D8F /* Tweet.swift in Sources */ = {isa = PBXBuildFile; fileRef = CF2120FA1D21C83100068D8F /* Tweet.swift */; };
		CF2120FD1D21C8CE00068D8F /* TwitterClient.swift in Sources */ = {isa = PBXBuildFile; fileRef = CF2120FC1D21C8CE00068D8F /* TwitterClient.swift */; };
		CF2120FF1D21E7B800068D8F /* TimelineViewController.swift in Sources */ = {isa = PBXBuildFile; fileRef = CF2120FE1D21E7B800068D8F /* TimelineViewController.swift */; };
		CF6C00051D2428E1005201C8 /* InfiniteScrollActivityView.swift in Sources */ = {isa = PBXBuildFile; fileRef = CF6C00041D2428E1005201C8 /* InfiniteScrollActivityView.swift */; };
		CF70E19C1D23112D00782560 /* DetailViewController.swift in Sources */ = {isa = PBXBuildFile; fileRef = CF70E19B1D23112D00782560 /* DetailViewController.swift */; };
		CF85BC521D234064009112E8 /* ProfileViewController.swift in Sources */ = {isa = PBXBuildFile; fileRef = CF85BC511D234064009112E8 /* ProfileViewController.swift */; };
		CF85BC541D2341AF009112E8 /* imagePlaceholder.png in Resources */ = {isa = PBXBuildFile; fileRef = CF85BC531D2341AF009112E8 /* imagePlaceholder.png */; };
		CF85BC561D234F20009112E8 /* user.png in Resources */ = {isa = PBXBuildFile; fileRef = CF85BC551D234F20009112E8 /* user.png */; };
		CF8AF8811D2387AA00760096 /* atSign.png in Resources */ = {isa = PBXBuildFile; fileRef = CF8AF8801D2387AA00760096 /* atSign.png */; };
		CFB0639F1D22D5D500713B9C /* ComposeViewController.swift in Sources */ = {isa = PBXBuildFile; fileRef = CFB0639E1D22D5D500713B9C /* ComposeViewController.swift */; };
		CFBEE3DE1D2222F70009A497 /* home.png in Resources */ = {isa = PBXBuildFile; fileRef = CFBEE3DD1D2222F70009A497 /* home.png */; };
		CFBEE3E31D2227F70009A497 /* TimelineCell.swift in Sources */ = {isa = PBXBuildFile; fileRef = CFBEE3E21D2227F70009A497 /* TimelineCell.swift */; };
		CFD972B21D2314B4008B6667 /* Main.storyboard in Resources */ = {isa = PBXBuildFile; fileRef = CFD972B11D2314B4008B6667 /* Main.storyboard */; };
		CFD972BE1D231C89008B6667 /* like.png in Resources */ = {isa = PBXBuildFile; fileRef = CFD972B31D231C89008B6667 /* like.png */; };
		CFD972BF1D231C89008B6667 /* likeOnHover.png in Resources */ = {isa = PBXBuildFile; fileRef = CFD972B41D231C89008B6667 /* likeOnHover.png */; };
		CFD972C01D231C89008B6667 /* likeOnPressed.png in Resources */ = {isa = PBXBuildFile; fileRef = CFD972B51D231C89008B6667 /* likeOnPressed.png */; };
		CFD972C11D231C89008B6667 /* likePressed.png in Resources */ = {isa = PBXBuildFile; fileRef = CFD972B61D231C89008B6667 /* likePressed.png */; };
		CFD972C21D231C89008B6667 /* reply.png in Resources */ = {isa = PBXBuildFile; fileRef = CFD972B71D231C89008B6667 /* reply.png */; };
		CFD972C31D231C89008B6667 /* replyPressed.png in Resources */ = {isa = PBXBuildFile; fileRef = CFD972B81D231C89008B6667 /* replyPressed.png */; };
		CFD972C41D231C89008B6667 /* retweet.png in Resources */ = {isa = PBXBuildFile; fileRef = CFD972B91D231C89008B6667 /* retweet.png */; };
		CFD972C51D231C89008B6667 /* retweetInactive.png in Resources */ = {isa = PBXBuildFile; fileRef = CFD972BA1D231C89008B6667 /* retweetInactive.png */; };
		CFD972C61D231C89008B6667 /* retweetOnHover.png in Resources */ = {isa = PBXBuildFile; fileRef = CFD972BB1D231C89008B6667 /* retweetOnHover.png */; };
		CFD972C71D231C89008B6667 /* retweetOnPressed.png in Resources */ = {isa = PBXBuildFile; fileRef = CFD972BC1D231C89008B6667 /* retweetOnPressed.png */; };
		CFD972C81D231C89008B6667 /* retweetPressed.png in Resources */ = {isa = PBXBuildFile; fileRef = CFD972BD1D231C89008B6667 /* retweetPressed.png */; };
		CFDF3AF01D247874007F4FF0 /* twitterIcon.png in Resources */ = {isa = PBXBuildFile; fileRef = CFDF3AEF1D247874007F4FF0 /* twitterIcon.png */; };
		D600DA05034FE8E375B87075 /* Pods_Chirpy.framework in Frameworks */ = {isa = PBXBuildFile; fileRef = 7B59C74F66643507D1BC377D /* Pods_Chirpy.framework */; };
/* End PBXBuildFile section */

/* Begin PBXFileReference section */
		7B59C74F66643507D1BC377D /* Pods_Chirpy.framework */ = {isa = PBXFileReference; explicitFileType = wrapper.framework; includeInIndex = 0; path = Pods_Chirpy.framework; sourceTree = BUILT_PRODUCTS_DIR; };
		CF1BEF581D21BC4100BF0064 /* Chirpy.app */ = {isa = PBXFileReference; explicitFileType = wrapper.application; includeInIndex = 0; path = Chirpy.app; sourceTree = BUILT_PRODUCTS_DIR; };
		CF1BEF5B1D21BC4100BF0064 /* AppDelegate.swift */ = {isa = PBXFileReference; lastKnownFileType = sourcecode.swift; path = AppDelegate.swift; sourceTree = "<group>"; };
		CF1BEF5D1D21BC4100BF0064 /* LoginViewController.swift */ = {isa = PBXFileReference; lastKnownFileType = sourcecode.swift; path = LoginViewController.swift; sourceTree = "<group>"; };
		CF1BEF621D21BC4100BF0064 /* Assets.xcassets */ = {isa = PBXFileReference; lastKnownFileType = folder.assetcatalog; path = Assets.xcassets; sourceTree = "<group>"; };
		CF1BEF651D21BC4100BF0064 /* Base */ = {isa = PBXFileReference; lastKnownFileType = file.storyboard; name = Base; path = Base.lproj/LaunchScreen.storyboard; sourceTree = "<group>"; };
		CF1BEF671D21BC4100BF0064 /* Info.plist */ = {isa = PBXFileReference; lastKnownFileType = text.plist.xml; path = Info.plist; sourceTree = "<group>"; };
		CF2120F81D21C7EF00068D8F /* User.swift */ = {isa = PBXFileReference; fileEncoding = 4; lastKnownFileType = sourcecode.swift; path = User.swift; sourceTree = "<group>"; };
		CF2120FA1D21C83100068D8F /* Tweet.swift */ = {isa = PBXFileReference; fileEncoding = 4; lastKnownFileType = sourcecode.swift; path = Tweet.swift; sourceTree = "<group>"; };
		CF2120FC1D21C8CE00068D8F /* TwitterClient.swift */ = {isa = PBXFileReference; fileEncoding = 4; lastKnownFileType = sourcecode.swift; path = TwitterClient.swift; sourceTree = "<group>"; };
		CF2120FE1D21E7B800068D8F /* TimelineViewController.swift */ = {isa = PBXFileReference; fileEncoding = 4; lastKnownFileType = sourcecode.swift; path = TimelineViewController.swift; sourceTree = "<group>"; };
		CF6C00041D2428E1005201C8 /* InfiniteScrollActivityView.swift */ = {isa = PBXFileReference; fileEncoding = 4; lastKnownFileType = sourcecode.swift; path = InfiniteScrollActivityView.swift; sourceTree = "<group>"; };
		CF70E19B1D23112D00782560 /* DetailViewController.swift */ = {isa = PBXFileReference; fileEncoding = 4; lastKnownFileType = sourcecode.swift; path = DetailViewController.swift; sourceTree = "<group>"; };
		CF85BC511D234064009112E8 /* ProfileViewController.swift */ = {isa = PBXFileReference; fileEncoding = 4; lastKnownFileType = sourcecode.swift; path = ProfileViewController.swift; sourceTree = "<group>"; };
		CF85BC531D2341AF009112E8 /* imagePlaceholder.png */ = {isa = PBXFileReference; lastKnownFileType = image.png; path = imagePlaceholder.png; sourceTree = "<group>"; };
		CF85BC551D234F20009112E8 /* user.png */ = {isa = PBXFileReference; lastKnownFileType = image.png; path = user.png; sourceTree = "<group>"; };
		CF8AF8801D2387AA00760096 /* atSign.png */ = {isa = PBXFileReference; lastKnownFileType = image.png; path = atSign.png; sourceTree = "<group>"; };
		CFB0639E1D22D5D500713B9C /* ComposeViewController.swift */ = {isa = PBXFileReference; fileEncoding = 4; lastKnownFileType = sourcecode.swift; path = ComposeViewController.swift; sourceTree = "<group>"; };
		CFBEE3DD1D2222F70009A497 /* home.png */ = {isa = PBXFileReference; lastKnownFileType = image.png; name = home.png; path = Chirpy/home.png; sourceTree = "<group>"; };
		CFBEE3E21D2227F70009A497 /* TimelineCell.swift */ = {isa = PBXFileReference; fileEncoding = 4; lastKnownFileType = sourcecode.swift; path = TimelineCell.swift; sourceTree = "<group>"; };
		CFD972B11D2314B4008B6667 /* Main.storyboard */ = {isa = PBXFileReference; fileEncoding = 4; lastKnownFileType = file.storyboard; name = Main.storyboard; path = Base.lproj/Main.storyboard; sourceTree = "<group>"; };
		CFD972B31D231C89008B6667 /* like.png */ = {isa = PBXFileReference; lastKnownFileType = image.png; path = like.png; sourceTree = "<group>"; };
		CFD972B41D231C89008B6667 /* likeOnHover.png */ = {isa = PBXFileReference; lastKnownFileType = image.png; path = likeOnHover.png; sourceTree = "<group>"; };
		CFD972B51D231C89008B6667 /* likeOnPressed.png */ = {isa = PBXFileReference; lastKnownFileType = image.png; path = likeOnPressed.png; sourceTree = "<group>"; };
		CFD972B61D231C89008B6667 /* likePressed.png */ = {isa = PBXFileReference; lastKnownFileType = image.png; path = likePressed.png; sourceTree = "<group>"; };
		CFD972B71D231C89008B6667 /* reply.png */ = {isa = PBXFileReference; lastKnownFileType = image.png; path = reply.png; sourceTree = "<group>"; };
		CFD972B81D231C89008B6667 /* replyPressed.png */ = {isa = PBXFileReference; lastKnownFileType = image.png; path = replyPressed.png; sourceTree = "<group>"; };
		CFD972B91D231C89008B6667 /* retweet.png */ = {isa = PBXFileReference; lastKnownFileType = image.png; path = retweet.png; sourceTree = "<group>"; };
		CFD972BA1D231C89008B6667 /* retweetInactive.png */ = {isa = PBXFileReference; lastKnownFileType = image.png; path = retweetInactive.png; sourceTree = "<group>"; };
		CFD972BB1D231C89008B6667 /* retweetOnHover.png */ = {isa = PBXFileReference; lastKnownFileType = image.png; path = retweetOnHover.png; sourceTree = "<group>"; };
		CFD972BC1D231C89008B6667 /* retweetOnPressed.png */ = {isa = PBXFileReference; lastKnownFileType = image.png; path = retweetOnPressed.png; sourceTree = "<group>"; };
		CFD972BD1D231C89008B6667 /* retweetPressed.png */ = {isa = PBXFileReference; lastKnownFileType = image.png; path = retweetPressed.png; sourceTree = "<group>"; };
		CFDF3AEF1D247874007F4FF0 /* twitterIcon.png */ = {isa = PBXFileReference; lastKnownFileType = image.png; path = twitterIcon.png; sourceTree = "<group>"; };
		E048846F38B56A9B86CAF222 /* Pods-Chirpy.debug.xcconfig */ = {isa = PBXFileReference; includeInIndex = 1; lastKnownFileType = text.xcconfig; name = "Pods-Chirpy.debug.xcconfig"; path = "Pods/Target Support Files/Pods-Chirpy/Pods-Chirpy.debug.xcconfig"; sourceTree = "<group>"; };
		EA08833714F3824B65084EEA /* Pods-Chirpy.release.xcconfig */ = {isa = PBXFileReference; includeInIndex = 1; lastKnownFileType = text.xcconfig; name = "Pods-Chirpy.release.xcconfig"; path = "Pods/Target Support Files/Pods-Chirpy/Pods-Chirpy.release.xcconfig"; sourceTree = "<group>"; };
/* End PBXFileReference section */

/* Begin PBXFrameworksBuildPhase section */
		CF1BEF551D21BC4100BF0064 /* Frameworks */ = {
			isa = PBXFrameworksBuildPhase;
			buildActionMask = 2147483647;
			files = (
				D600DA05034FE8E375B87075 /* Pods_Chirpy.framework in Frameworks */,
			);
			runOnlyForDeploymentPostprocessing = 0;
		};
/* End PBXFrameworksBuildPhase section */

/* Begin PBXGroup section */
		CF1BEF4F1D21BC4100BF0064 = {
			isa = PBXGroup;
			children = (
				CF1BEF5A1D21BC4100BF0064 /* Chirpy */,
				CF1BEF591D21BC4100BF0064 /* Products */,
				F503CAA26F925A6802466DFF /* Pods */,
				F267DCE2A6FB2D3017287C91 /* Frameworks */,
			);
			sourceTree = "<group>";
		};
		CF1BEF591D21BC4100BF0064 /* Products */ = {
			isa = PBXGroup;
			children = (
				CF1BEF581D21BC4100BF0064 /* Chirpy.app */,
			);
			name = Products;
			sourceTree = "<group>";
		};
		CF1BEF5A1D21BC4100BF0064 /* Chirpy */ = {
			isa = PBXGroup;
			children = (
				CF6C00031D2428CA005201C8 /* Views */,
				CFBEE3DF1D2222FB0009A497 /* Images */,
				CF2120F71D21C7D100068D8F /* API */,
				CF2120F61D21C7C800068D8F /* Models */,
				CF2120F51D21C7C100068D8F /* View Controllers */,
				CF1BEF5B1D21BC4100BF0064 /* AppDelegate.swift */,
				CF1BEF621D21BC4100BF0064 /* Assets.xcassets */,
				CFD972B11D2314B4008B6667 /* Main.storyboard */,
				CF1BEF641D21BC4100BF0064 /* LaunchScreen.storyboard */,
				CF1BEF671D21BC4100BF0064 /* Info.plist */,
			);
			path = Chirpy;
			sourceTree = "<group>";
		};
		CF2120F51D21C7C100068D8F /* View Controllers */ = {
			isa = PBXGroup;
			children = (
				CF1BEF5D1D21BC4100BF0064 /* LoginViewController.swift */,
				CF2120FE1D21E7B800068D8F /* TimelineViewController.swift */,
				CFB0639E1D22D5D500713B9C /* ComposeViewController.swift */,
				CF70E19B1D23112D00782560 /* DetailViewController.swift */,
				CF85BC511D234064009112E8 /* ProfileViewController.swift */,
			);
			name = "View Controllers";
			sourceTree = "<group>";
		};
		CF2120F61D21C7C800068D8F /* Models */ = {
			isa = PBXGroup;
			children = (
				CF2120F81D21C7EF00068D8F /* User.swift */,
				CF2120FA1D21C83100068D8F /* Tweet.swift */,
				CFBEE3E21D2227F70009A497 /* TimelineCell.swift */,
			);
			name = Models;
			sourceTree = "<group>";
		};
		CF2120F71D21C7D100068D8F /* API */ = {
			isa = PBXGroup;
			children = (
				CF2120FC1D21C8CE00068D8F /* TwitterClient.swift */,
			);
			name = API;
			sourceTree = "<group>";
		};
		CF6C00031D2428CA005201C8 /* Views */ = {
			isa = PBXGroup;
			children = (
				CF6C00041D2428E1005201C8 /* InfiniteScrollActivityView.swift */,
			);
			name = Views;
			sourceTree = "<group>";
		};
		CFBEE3DF1D2222FB0009A497 /* Images */ = {
			isa = PBXGroup;
			children = (
				CFD972B31D231C89008B6667 /* like.png */,
				CFD972B41D231C89008B6667 /* likeOnHover.png */,
				CFD972B51D231C89008B6667 /* likeOnPressed.png */,
				CFD972B61D231C89008B6667 /* likePressed.png */,
				CFD972B71D231C89008B6667 /* reply.png */,
				CFD972B81D231C89008B6667 /* replyPressed.png */,
				CFD972B91D231C89008B6667 /* retweet.png */,
				CFD972BA1D231C89008B6667 /* retweetInactive.png */,
				CFD972BB1D231C89008B6667 /* retweetOnHover.png */,
				CFD972BC1D231C89008B6667 /* retweetOnPressed.png */,
				CFD972BD1D231C89008B6667 /* retweetPressed.png */,
				CFBEE3DD1D2222F70009A497 /* home.png */,
				CF85BC531D2341AF009112E8 /* imagePlaceholder.png */,
				CF85BC551D234F20009112E8 /* user.png */,
				CF8AF8801D2387AA00760096 /* atSign.png */,
				CFDF3AEF1D247874007F4FF0 /* twitterIcon.png */,
			);
			name = Images;
			path = ..;
			sourceTree = "<group>";
		};
		F267DCE2A6FB2D3017287C91 /* Frameworks */ = {
			isa = PBXGroup;
			children = (
				7B59C74F66643507D1BC377D /* Pods_Chirpy.framework */,
			);
			name = Frameworks;
			sourceTree = "<group>";
		};
		F503CAA26F925A6802466DFF /* Pods */ = {
			isa = PBXGroup;
			children = (
				E048846F38B56A9B86CAF222 /* Pods-Chirpy.debug.xcconfig */,
				EA08833714F3824B65084EEA /* Pods-Chirpy.release.xcconfig */,
			);
			name = Pods;
			sourceTree = "<group>";
		};
/* End PBXGroup section */

/* Begin PBXNativeTarget section */
		CF1BEF571D21BC4100BF0064 /* Chirpy */ = {
			isa = PBXNativeTarget;
			buildConfigurationList = CF1BEF6A1D21BC4100BF0064 /* Build configuration list for PBXNativeTarget "Chirpy" */;
			buildPhases = (
				8609B488A78761A9935B6926 /* [CP] Check Pods Manifest.lock */,
				CF1BEF541D21BC4100BF0064 /* Sources */,
				CF1BEF551D21BC4100BF0064 /* Frameworks */,
				CF1BEF561D21BC4100BF0064 /* Resources */,
				5E13F883013890AB6AAD4E5E /* [CP] Embed Pods Frameworks */,
				AAD4085B78F571B6EA4FE655 /* [CP] Copy Pods Resources */,
			);
			buildRules = (
			);
			dependencies = (
			);
			name = Chirpy;
			productName = Chirpy;
			productReference = CF1BEF581D21BC4100BF0064 /* Chirpy.app */;
			productType = "com.apple.product-type.application";
		};
/* End PBXNativeTarget section */

/* Begin PBXProject section */
		CF1BEF501D21BC4100BF0064 /* Project object */ = {
			isa = PBXProject;
			attributes = {
				LastSwiftUpdateCheck = 0730;
				LastUpgradeCheck = 0730;
				ORGANIZATIONNAME = "Alexander Strandberg";
				TargetAttributes = {
					CF1BEF571D21BC4100BF0064 = {
						CreatedOnToolsVersion = 7.3.1;
					};
				};
			};
			buildConfigurationList = CF1BEF531D21BC4100BF0064 /* Build configuration list for PBXProject "Chirpy" */;
			compatibilityVersion = "Xcode 3.2";
			developmentRegion = English;
			hasScannedForEncodings = 0;
			knownRegions = (
				en,
				Base,
			);
			mainGroup = CF1BEF4F1D21BC4100BF0064;
			productRefGroup = CF1BEF591D21BC4100BF0064 /* Products */;
			projectDirPath = "";
			projectRoot = "";
			targets = (
				CF1BEF571D21BC4100BF0064 /* Chirpy */,
			);
		};
/* End PBXProject section */

/* Begin PBXResourcesBuildPhase section */
		CF1BEF561D21BC4100BF0064 /* Resources */ = {
			isa = PBXResourcesBuildPhase;
			buildActionMask = 2147483647;
			files = (
				CFBEE3DE1D2222F70009A497 /* home.png in Resources */,
				CFD972C31D231C89008B6667 /* replyPressed.png in Resources */,
				CFD972C21D231C89008B6667 /* reply.png in Resources */,
				CFD972C01D231C89008B6667 /* likeOnPressed.png in Resources */,
				CFD972C71D231C89008B6667 /* retweetOnPressed.png in Resources */,
				CFD972BE1D231C89008B6667 /* like.png in Resources */,
				CFD972BF1D231C89008B6667 /* likeOnHover.png in Resources */,
				CF1BEF661D21BC4100BF0064 /* LaunchScreen.storyboard in Resources */,
				CFD972C41D231C89008B6667 /* retweet.png in Resources */,
				CFD972C81D231C89008B6667 /* retweetPressed.png in Resources */,
				CFD972C11D231C89008B6667 /* likePressed.png in Resources */,
				CFD972C51D231C89008B6667 /* retweetInactive.png in Resources */,
				CF1BEF631D21BC4100BF0064 /* Assets.xcassets in Resources */,
				CF85BC541D2341AF009112E8 /* imagePlaceholder.png in Resources */,
				CF85BC561D234F20009112E8 /* user.png in Resources */,
				CFD972C61D231C89008B6667 /* retweetOnHover.png in Resources */,
				CFD972B21D2314B4008B6667 /* Main.storyboard in Resources */,
				CF8AF8811D2387AA00760096 /* atSign.png in Resources */,
				CFDF3AF01D247874007F4FF0 /* twitterIcon.png in Resources */,
			);
			runOnlyForDeploymentPostprocessing = 0;
		};
/* End PBXResourcesBuildPhase section */

/* Begin PBXShellScriptBuildPhase section */
		5E13F883013890AB6AAD4E5E /* [CP] Embed Pods Frameworks */ = {
			isa = PBXShellScriptBuildPhase;
			buildActionMask = 2147483647;
			files = (
			);
			inputPaths = (
			);
			name = "[CP] Embed Pods Frameworks";
			outputPaths = (
			);
			runOnlyForDeploymentPostprocessing = 0;
			shellPath = /bin/sh;
			shellScript = "\"${SRCROOT}/Pods/Target Support Files/Pods-Chirpy/Pods-Chirpy-frameworks.sh\"\n";
			showEnvVarsInLog = 0;
		};
		8609B488A78761A9935B6926 /* [CP] Check Pods Manifest.lock */ = {
			isa = PBXShellScriptBuildPhase;
			buildActionMask = 2147483647;
			files = (
			);
			inputPaths = (
			);
			name = "[CP] Check Pods Manifest.lock";
			outputPaths = (
			);
			runOnlyForDeploymentPostprocessing = 0;
			shellPath = /bin/sh;
			shellScript = "diff \"${PODS_ROOT}/../Podfile.lock\" \"${PODS_ROOT}/Manifest.lock\" > /dev/null\nif [[ $? != 0 ]] ; then\n    cat << EOM\nerror: The sandbox is not in sync with the Podfile.lock. Run 'pod install' or update your CocoaPods installation.\nEOM\n    exit 1\nfi\n";
			showEnvVarsInLog = 0;
		};
		AAD4085B78F571B6EA4FE655 /* [CP] Copy Pods Resources */ = {
			isa = PBXShellScriptBuildPhase;
			buildActionMask = 2147483647;
			files = (
			);
			inputPaths = (
			);
			name = "[CP] Copy Pods Resources";
			outputPaths = (
			);
			runOnlyForDeploymentPostprocessing = 0;
			shellPath = /bin/sh;
			shellScript = "\"${SRCROOT}/Pods/Target Support Files/Pods-Chirpy/Pods-Chirpy-resources.sh\"\n";
			showEnvVarsInLog = 0;
		};
/* End PBXShellScriptBuildPhase section */

/* Begin PBXSourcesBuildPhase section */
		CF1BEF541D21BC4100BF0064 /* Sources */ = {
			isa = PBXSourcesBuildPhase;
			buildActionMask = 2147483647;
			files = (
				CF70E19C1D23112D00782560 /* DetailViewController.swift in Sources */,
				CF2120FD1D21C8CE00068D8F /* TwitterClient.swift in Sources */,
				CF85BC521D234064009112E8 /* ProfileViewController.swift in Sources */,
				CFBEE3E31D2227F70009A497 /* TimelineCell.swift in Sources */,
				CF1BEF5E1D21BC4100BF0064 /* LoginViewController.swift in Sources */,
				CF6C00051D2428E1005201C8 /* InfiniteScrollActivityView.swift in Sources */,
				CFB0639F1D22D5D500713B9C /* ComposeViewController.swift in Sources */,
				CF1BEF5C1D21BC4100BF0064 /* AppDelegate.swift in Sources */,
				CF2120F91D21C7EF00068D8F /* User.swift in Sources */,
				CF2120FB1D21C83100068D8F /* Tweet.swift in Sources */,
				CF2120FF1D21E7B800068D8F /* TimelineViewController.swift in Sources */,
			);
			runOnlyForDeploymentPostprocessing = 0;
		};
/* End PBXSourcesBuildPhase section */

/* Begin PBXVariantGroup section */
		CF1BEF641D21BC4100BF0064 /* LaunchScreen.storyboard */ = {
			isa = PBXVariantGroup;
			children = (
				CF1BEF651D21BC4100BF0064 /* Base */,
			);
			name = LaunchScreen.storyboard;
			sourceTree = "<group>";
		};
/* End PBXVariantGroup section */

/* Begin XCBuildConfiguration section */
		CF1BEF681D21BC4100BF0064 /* Debug */ = {
			isa = XCBuildConfiguration;
			buildSettings = {
				ALWAYS_SEARCH_USER_PATHS = NO;
				CLANG_ANALYZER_NONNULL = YES;
				CLANG_CXX_LANGUAGE_STANDARD = "gnu++0x";
				CLANG_CXX_LIBRARY = "libc++";
				CLANG_ENABLE_MODULES = YES;
				CLANG_ENABLE_OBJC_ARC = YES;
				CLANG_WARN_BOOL_CONVERSION = YES;
				CLANG_WARN_CONSTANT_CONVERSION = YES;
				CLANG_WARN_DIRECT_OBJC_ISA_USAGE = YES_ERROR;
				CLANG_WARN_EMPTY_BODY = YES;
				CLANG_WARN_ENUM_CONVERSION = YES;
				CLANG_WARN_INT_CONVERSION = YES;
				CLANG_WARN_OBJC_ROOT_CLASS = YES_ERROR;
				CLANG_WARN_UNREACHABLE_CODE = YES;
				CLANG_WARN__DUPLICATE_METHOD_MATCH = YES;
				"CODE_SIGN_IDENTITY[sdk=iphoneos*]" = "iPhone Developer";
				COPY_PHASE_STRIP = NO;
				DEBUG_INFORMATION_FORMAT = dwarf;
				ENABLE_STRICT_OBJC_MSGSEND = YES;
				ENABLE_TESTABILITY = YES;
				GCC_C_LANGUAGE_STANDARD = gnu99;
				GCC_DYNAMIC_NO_PIC = NO;
				GCC_NO_COMMON_BLOCKS = YES;
				GCC_OPTIMIZATION_LEVEL = 0;
				GCC_PREPROCESSOR_DEFINITIONS = (
					"DEBUG=1",
					"$(inherited)",
				);
				GCC_WARN_64_TO_32_BIT_CONVERSION = YES;
				GCC_WARN_ABOUT_RETURN_TYPE = YES_ERROR;
				GCC_WARN_UNDECLARED_SELECTOR = YES;
				GCC_WARN_UNINITIALIZED_AUTOS = YES_AGGRESSIVE;
				GCC_WARN_UNUSED_FUNCTION = YES;
				GCC_WARN_UNUSED_VARIABLE = YES;
				IPHONEOS_DEPLOYMENT_TARGET = 9.3;
				MTL_ENABLE_DEBUG_INFO = YES;
				ONLY_ACTIVE_ARCH = YES;
				SDKROOT = iphoneos;
				SWIFT_OPTIMIZATION_LEVEL = "-Onone";
			};
			name = Debug;
		};
		CF1BEF691D21BC4100BF0064 /* Release */ = {
			isa = XCBuildConfiguration;
			buildSettings = {
				ALWAYS_SEARCH_USER_PATHS = NO;
				CLANG_ANALYZER_NONNULL = YES;
				CLANG_CXX_LANGUAGE_STANDARD = "gnu++0x";
				CLANG_CXX_LIBRARY = "libc++";
				CLANG_ENABLE_MODULES = YES;
				CLANG_ENABLE_OBJC_ARC = YES;
				CLANG_WARN_BOOL_CONVERSION = YES;
				CLANG_WARN_CONSTANT_CONVERSION = YES;
				CLANG_WARN_DIRECT_OBJC_ISA_USAGE = YES_ERROR;
				CLANG_WARN_EMPTY_BODY = YES;
				CLANG_WARN_ENUM_CONVERSION = YES;
				CLANG_WARN_INT_CONVERSION = YES;
				CLANG_WARN_OBJC_ROOT_CLASS = YES_ERROR;
				CLANG_WARN_UNREACHABLE_CODE = YES;
				CLANG_WARN__DUPLICATE_METHOD_MATCH = YES;
				"CODE_SIGN_IDENTITY[sdk=iphoneos*]" = "iPhone Developer";
				COPY_PHASE_STRIP = NO;
				DEBUG_INFORMATION_FORMAT = "dwarf-with-dsym";
				ENABLE_NS_ASSERTIONS = NO;
				ENABLE_STRICT_OBJC_MSGSEND = YES;
				GCC_C_LANGUAGE_STANDARD = gnu99;
				GCC_NO_COMMON_BLOCKS = YES;
				GCC_WARN_64_TO_32_BIT_CONVERSION = YES;
				GCC_WARN_ABOUT_RETURN_TYPE = YES_ERROR;
				GCC_WARN_UNDECLARED_SELECTOR = YES;
				GCC_WARN_UNINITIALIZED_AUTOS = YES_AGGRESSIVE;
				GCC_WARN_UNUSED_FUNCTION = YES;
				GCC_WARN_UNUSED_VARIABLE = YES;
				IPHONEOS_DEPLOYMENT_TARGET = 9.3;
				MTL_ENABLE_DEBUG_INFO = NO;
				SDKROOT = iphoneos;
				VALIDATE_PRODUCT = YES;
			};
			name = Release;
		};
		CF1BEF6B1D21BC4100BF0064 /* Debug */ = {
			isa = XCBuildConfiguration;
			baseConfigurationReference = E048846F38B56A9B86CAF222 /* Pods-Chirpy.debug.xcconfig */;
			buildSettings = {
				ASSETCATALOG_COMPILER_APPICON_NAME = AppIcon;
				INFOPLIST_FILE = Chirpy/Info.plist;
				LD_RUNPATH_SEARCH_PATHS = "$(inherited) @executable_path/Frameworks";
				PRODUCT_BUNDLE_IDENTIFIER = com.codepath.Chirpy;
				PRODUCT_NAME = "$(TARGET_NAME)";
			};
			name = Debug;
		};
		CF1BEF6C1D21BC4100BF0064 /* Release */ = {
			isa = XCBuildConfiguration;
			baseConfigurationReference = EA08833714F3824B65084EEA /* Pods-Chirpy.release.xcconfig */;
			buildSettings = {
				ASSETCATALOG_COMPILER_APPICON_NAME = AppIcon;
				INFOPLIST_FILE = Chirpy/Info.plist;
				LD_RUNPATH_SEARCH_PATHS = "$(inherited) @executable_path/Frameworks";
				PRODUCT_BUNDLE_IDENTIFIER = com.codepath.Chirpy;
				PRODUCT_NAME = "$(TARGET_NAME)";
			};
			name = Release;
		};
/* End XCBuildConfiguration section */

/* Begin XCConfigurationList section */
		CF1BEF531D21BC4100BF0064 /* Build configuration list for PBXProject "Chirpy" */ = {
			isa = XCConfigurationList;
			buildConfigurations = (
				CF1BEF681D21BC4100BF0064 /* Debug */,
				CF1BEF691D21BC4100BF0064 /* Release */,
			);
			defaultConfigurationIsVisible = 0;
			defaultConfigurationName = Release;
		};
		CF1BEF6A1D21BC4100BF0064 /* Build configuration list for PBXNativeTarget "Chirpy" */ = {
			isa = XCConfigurationList;
			buildConfigurations = (
				CF1BEF6B1D21BC4100BF0064 /* Debug */,
				CF1BEF6C1D21BC4100BF0064 /* Release */,
			);
			defaultConfigurationIsVisible = 0;
			defaultConfigurationName = Release;
		};
/* End XCConfigurationList section */
	};
	rootObject = CF1BEF501D21BC4100BF0064 /* Project object */;
}
